
Microsoft Visual Studio Solution File, Format Version 12.00
# Visual Studio Version 17
VisualStudioVersion = 17.4.33213.308
MinimumVisualStudioVersion = 10.0.40219.1
Project("{FAE04EC0-301F-11D3-BF4B-00C04F79EFBC}") = "Badhaaiya", "Badhaaiya\Badhaaiya.csproj", "{1495F7D6-EB2E-4D50-BFA9-5FB2BB91C5C7}"
EndProject
Global
	GlobalSection(SolutionConfigurationPlatforms) = preSolution
		Debug|Any CPU = Debug|Any CPU
		Release|Any CPU = Release|Any CPU
	EndGlobalSection
	GlobalSection(ProjectConfigurationPlatforms) = postSolution
		{1495F7D6-EB2E-4D50-BFA9-5FB2BB91C5C7}.Debug|Any CPU.ActiveCfg = Debug|Any CPU
		{1495F7D6-EB2E-4D50-BFA9-5FB2BB91C5C7}.Debug|Any CPU.Build.0 = Debug|Any CPU
		{1495F7D6-EB2E-4D50-BFA9-5FB2BB91C5C7}.Release|Any CPU.ActiveCfg = Release|Any CPU
		{1495F7D6-EB2E-4D50-BFA9-5FB2BB91C5C7}.Release|Any CPU.Build.0 = Release|Any CPU
	EndGlobalSection
	GlobalSection(SolutionProperties) = preSolution
		HideSolutionNode = FALSE
	EndGlobalSection
	GlobalSection(ExtensibilityGlobals) = postSolution
		SolutionGuid = {852ADD4A-4738-492B-BD54-C16C607EEE2C}
	EndGlobalSection
EndGlobal
